// !$*UTF8*$!
{
	archiveVersion = 1;
	classes = {
	};
	objectVersion = 56;
	objects = {

/* Begin PBXBuildFile section */
		78B82A5C29A4C1FE0083302E /* AppDelegate.swift in Sources */ = {isa = PBXBuildFile; fileRef = 78B82A5B29A4C1FE0083302E /* AppDelegate.swift */; };
		78B82A5E29A4C1FE0083302E /* SceneDelegate.swift in Sources */ = {isa = PBXBuildFile; fileRef = 78B82A5D29A4C1FE0083302E /* SceneDelegate.swift */; };
		78B82A6029A4C1FE0083302E /* ViewController.swift in Sources */ = {isa = PBXBuildFile; fileRef = 78B82A5F29A4C1FE0083302E /* ViewController.swift */; };
		78B82A6329A4C1FE0083302E /* Main.storyboard in Resources */ = {isa = PBXBuildFile; fileRef = 78B82A6129A4C1FE0083302E /* Main.storyboard */; };
		78B82A6529A4C1FE0083302E /* Assets.xcassets in Resources */ = {isa = PBXBuildFile; fileRef = 78B82A6429A4C1FE0083302E /* Assets.xcassets */; };
		78B82A6829A4C1FE0083302E /* LaunchScreen.storyboard in Resources */ = {isa = PBXBuildFile; fileRef = 78B82A6629A4C1FE0083302E /* LaunchScreen.storyboard */; };
		78B82A7329A4C1FE0083302E /* BenCombineExampleTests.swift in Sources */ = {isa = PBXBuildFile; fileRef = 78B82A7229A4C1FE0083302E /* BenCombineExampleTests.swift */; };
		78B82A7D29A4C1FE0083302E /* BenCombineExampleUITests.swift in Sources */ = {isa = PBXBuildFile; fileRef = 78B82A7C29A4C1FE0083302E /* BenCombineExampleUITests.swift */; };
		78B82A7F29A4C1FE0083302E /* BenCombineExampleUITestsLaunchTests.swift in Sources */ = {isa = PBXBuildFile; fileRef = 78B82A7E29A4C1FE0083302E /* BenCombineExampleUITestsLaunchTests.swift */; };
/* End PBXBuildFile section */

/* Begin PBXContainerItemProxy section */
		78B82A6F29A4C1FE0083302E /* PBXContainerItemProxy */ = {
			isa = PBXContainerItemProxy;
			containerPortal = 78B82A5029A4C1FD0083302E /* Project object */;
			proxyType = 1;
			remoteGlobalIDString = 78B82A5729A4C1FE0083302E;
			remoteInfo = BenCombineExample;
		};
		78B82A7929A4C1FE0083302E /* PBXContainerItemProxy */ = {
			isa = PBXContainerItemProxy;
			containerPortal = 78B82A5029A4C1FD0083302E /* Project object */;
			proxyType = 1;
			remoteGlobalIDString = 78B82A5729A4C1FE0083302E;
			remoteInfo = BenCombineExample;
		};
/* End PBXContainerItemProxy section */

/* Begin PBXFileReference section */
		78B82A5829A4C1FE0083302E /* BenCombineExample.app */ = {isa = PBXFileReference; explicitFileType = wrapper.application; includeInIndex = 0; path = BenCombineExample.app; sourceTree = BUILT_PRODUCTS_DIR; };
		78B82A5B29A4C1FE0083302E /* AppDelegate.swift */ = {isa = PBXFileReference; lastKnownFileType = sourcecode.swift; path = AppDelegate.swift; sourceTree = "<group>"; };
		78B82A5D29A4C1FE0083302E /* SceneDelegate.swift */ = {isa = PBXFileReference; lastKnownFileType = sourcecode.swift; path = SceneDelegate.swift; sourceTree = "<group>"; };
		78B82A5F29A4C1FE0083302E /* ViewController.swift */ = {isa = PBXFileReference; lastKnownFileType = sourcecode.swift; path = ViewController.swift; sourceTree = "<group>"; };
		78B82A6229A4C1FE0083302E /* Base */ = {isa = PBXFileReference; lastKnownFileType = file.storyboard; name = Base; path = Base.lproj/Main.storyboard; sourceTree = "<group>"; };
		78B82A6429A4C1FE0083302E /* Assets.xcassets */ = {isa = PBXFileReference; lastKnownFileType = folder.assetcatalog; path = Assets.xcassets; sourceTree = "<group>"; };
		78B82A6729A4C1FE0083302E /* Base */ = {isa = PBXFileReference; lastKnownFileType = file.storyboard; name = Base; path = Base.lproj/LaunchScreen.storyboard; sourceTree = "<group>"; };
		78B82A6929A4C1FE0083302E /* Info.plist */ = {isa = PBXFileReference; lastKnownFileType = text.plist.xml; path = Info.plist; sourceTree = "<group>"; };
		78B82A6E29A4C1FE0083302E /* BenCombineExampleTests.xctest */ = {isa = PBXFileReference; explicitFileType = wrapper.cfbundle; includeInIndex = 0; path = BenCombineExampleTests.xctest; sourceTree = BUILT_PRODUCTS_DIR; };
		78B82A7229A4C1FE0083302E /* BenCombineExampleTests.swift */ = {isa = PBXFileReference; lastKnownFileType = sourcecode.swift; path = BenCombineExampleTests.swift; sourceTree = "<group>"; };
		78B82A7829A4C1FE0083302E /* BenCombineExampleUITests.xctest */ = {isa = PBXFileReference; explicitFileType = wrapper.cfbundle; includeInIndex = 0; path = BenCombineExampleUITests.xctest; sourceTree = BUILT_PRODUCTS_DIR; };
		78B82A7C29A4C1FE0083302E /* BenCombineExampleUITests.swift */ = {isa = PBXFileReference; lastKnownFileType = sourcecode.swift; path = BenCombineExampleUITests.swift; sourceTree = "<group>"; };
		78B82A7E29A4C1FE0083302E /* BenCombineExampleUITestsLaunchTests.swift */ = {isa = PBXFileReference; lastKnownFileType = sourcecode.swift; path = BenCombineExampleUITestsLaunchTests.swift; sourceTree = "<group>"; };
/* End PBXFileReference section */

/* Begin PBXFrameworksBuildPhase section */
		78B82A5529A4C1FE0083302E /* Frameworks */ = {
			isa = PBXFrameworksBuildPhase;
			buildActionMask = 2147483647;
			files = (
			);
			runOnlyForDeploymentPostprocessing = 0;
		};
		78B82A6B29A4C1FE0083302E /* Frameworks */ = {
			isa = PBXFrameworksBuildPhase;
			buildActionMask = 2147483647;
			files = (
			);
			runOnlyForDeploymentPostprocessing = 0;
		};
		78B82A7529A4C1FE0083302E /* Frameworks */ = {
			isa = PBXFrameworksBuildPhase;
			buildActionMask = 2147483647;
			files = (
			);
			runOnlyForDeploymentPostprocessing = 0;
		};
/* End PBXFrameworksBuildPhase section */

/* Begin PBXGroup section */
		78B82A4F29A4C1FD0083302E = {
			isa = PBXGroup;
			children = (
				78B82A5A29A4C1FE0083302E /* BenCombineExample */,
				78B82A7129A4C1FE0083302E /* BenCombineExampleTests */,
				78B82A7B29A4C1FE0083302E /* BenCombineExampleUITests */,
				78B82A5929A4C1FE0083302E /* Products */,
			);
			sourceTree = "<group>";
		};
		78B82A5929A4C1FE0083302E /* Products */ = {
			isa = PBXGroup;
			children = (
				78B82A5829A4C1FE0083302E /* BenCombineExample.app */,
				78B82A6E29A4C1FE0083302E /* BenCombineExampleTests.xctest */,
				78B82A7829A4C1FE0083302E /* BenCombineExampleUITests.xctest */,
			);
			name = Products;
			sourceTree = "<group>";
		};
		78B82A5A29A4C1FE0083302E /* BenCombineExample */ = {
			isa = PBXGroup;
			children = (
				78B82A5B29A4C1FE0083302E /* AppDelegate.swift */,
				78B82A5D29A4C1FE0083302E /* SceneDelegate.swift */,
				78B82A5F29A4C1FE0083302E /* ViewController.swift */,
				78B82A6129A4C1FE0083302E /* Main.storyboard */,
				78B82A6429A4C1FE0083302E /* Assets.xcassets */,
				78B82A6629A4C1FE0083302E /* LaunchScreen.storyboard */,
				78B82A6929A4C1FE0083302E /* Info.plist */,
			);
			path = BenCombineExample;
			sourceTree = "<group>";
		};
		78B82A7129A4C1FE0083302E /* BenCombineExampleTests */ = {
			isa = PBXGroup;
			children = (
				78B82A7229A4C1FE0083302E /* BenCombineExampleTests.swift */,
			);
			path = BenCombineExampleTests;
			sourceTree = "<group>";
		};
		78B82A7B29A4C1FE0083302E /* BenCombineExampleUITests */ = {
			isa = PBXGroup;
			children = (
				78B82A7C29A4C1FE0083302E /* BenCombineExampleUITests.swift */,
				78B82A7E29A4C1FE0083302E /* BenCombineExampleUITestsLaunchTests.swift */,
			);
			path = BenCombineExampleUITests;
			sourceTree = "<group>";
		};
/* End PBXGroup section */

/* Begin PBXNativeTarget section */
		78B82A5729A4C1FE0083302E /* BenCombineExample */ = {
			isa = PBXNativeTarget;
			buildConfigurationList = 78B82A8229A4C1FE0083302E /* Build configuration list for PBXNativeTarget "BenCombineExample" */;
			buildPhases = (
				78B82A5429A4C1FE0083302E /* Sources */,
				78B82A5529A4C1FE0083302E /* Frameworks */,
				78B82A5629A4C1FE0083302E /* Resources */,
			);
			buildRules = (
			);
			dependencies = (
			);
			name = BenCombineExample;
			productName = BenCombineExample;
			productReference = 78B82A5829A4C1FE0083302E /* BenCombineExample.app */;
			productType = "com.apple.product-type.application";
		};
		78B82A6D29A4C1FE0083302E /* BenCombineExampleTests */ = {
			isa = PBXNativeTarget;
			buildConfigurationList = 78B82A8529A4C1FE0083302E /* Build configuration list for PBXNativeTarget "BenCombineExampleTests" */;
			buildPhases = (
				78B82A6A29A4C1FE0083302E /* Sources */,
				78B82A6B29A4C1FE0083302E /* Frameworks */,
				78B82A6C29A4C1FE0083302E /* Resources */,
			);
			buildRules = (
			);
			dependencies = (
				78B82A7029A4C1FE0083302E /* PBXTargetDependency */,
			);
			name = BenCombineExampleTests;
			productName = BenCombineExampleTests;
			productReference = 78B82A6E29A4C1FE0083302E /* BenCombineExampleTests.xctest */;
			productType = "com.apple.product-type.bundle.unit-test";
		};
		78B82A7729A4C1FE0083302E /* BenCombineExampleUITests */ = {
			isa = PBXNativeTarget;
			buildConfigurationList = 78B82A8829A4C1FE0083302E /* Build configuration list for PBXNativeTarget "BenCombineExampleUITests" */;
			buildPhases = (
				78B82A7429A4C1FE0083302E /* Sources */,
				78B82A7529A4C1FE0083302E /* Frameworks */,
				78B82A7629A4C1FE0083302E /* Resources */,
			);
			buildRules = (
			);
			dependencies = (
				78B82A7A29A4C1FE0083302E /* PBXTargetDependency */,
			);
			name = BenCombineExampleUITests;
			productName = BenCombineExampleUITests;
			productReference = 78B82A7829A4C1FE0083302E /* BenCombineExampleUITests.xctest */;
			productType = "com.apple.product-type.bundle.ui-testing";
		};
/* End PBXNativeTarget section */

/* Begin PBXProject section */
		78B82A5029A4C1FD0083302E /* Project object */ = {
			isa = PBXProject;
			attributes = {
				BuildIndependentTargetsInParallel = 1;
				LastSwiftUpdateCheck = 1420;
				LastUpgradeCheck = 1420;
				TargetAttributes = {
					78B82A5729A4C1FE0083302E = {
						CreatedOnToolsVersion = 14.2;
					};
					78B82A6D29A4C1FE0083302E = {
						CreatedOnToolsVersion = 14.2;
						TestTargetID = 78B82A5729A4C1FE0083302E;
					};
					78B82A7729A4C1FE0083302E = {
						CreatedOnToolsVersion = 14.2;
						TestTargetID = 78B82A5729A4C1FE0083302E;
					};
				};
			};
			buildConfigurationList = 78B82A5329A4C1FD0083302E /* Build configuration list for PBXProject "BenCombineExample" */;
			compatibilityVersion = "Xcode 14.0";
			developmentRegion = en;
			hasScannedForEncodings = 0;
			knownRegions = (
				en,
				Base,
			);
			mainGroup = 78B82A4F29A4C1FD0083302E;
			productRefGroup = 78B82A5929A4C1FE0083302E /* Products */;
			projectDirPath = "";
			projectRoot = "";
			targets = (
				78B82A5729A4C1FE0083302E /* BenCombineExample */,
				78B82A6D29A4C1FE0083302E /* BenCombineExampleTests */,
				78B82A7729A4C1FE0083302E /* BenCombineExampleUITests */,
			);
		};
/* End PBXProject section */

/* Begin PBXResourcesBuildPhase section */
		78B82A5629A4C1FE0083302E /* Resources */ = {
			isa = PBXResourcesBuildPhase;
			buildActionMask = 2147483647;
			files = (
				78B82A6829A4C1FE0083302E /* LaunchScreen.storyboard in Resources */,
				78B82A6529A4C1FE0083302E /* Assets.xcassets in Resources */,
				78B82A6329A4C1FE0083302E /* Main.storyboard in Resources */,
			);
			runOnlyForDeploymentPostprocessing = 0;
		};
		78B82A6C29A4C1FE0083302E /* Resources */ = {
			isa = PBXResourcesBuildPhase;
			buildActionMask = 2147483647;
			files = (
			);
			runOnlyForDeploymentPostprocessing = 0;
		};
		78B82A7629A4C1FE0083302E /* Resources */ = {
			isa = PBXResourcesBuildPhase;
			buildActionMask = 2147483647;
			files = (
			);
			runOnlyForDeploymentPostprocessing = 0;
		};
/* End PBXResourcesBuildPhase section */

/* Begin PBXSourcesBuildPhase section */
		78B82A5429A4C1FE0083302E /* Sources */ = {
			isa = PBXSourcesBuildPhase;
			buildActionMask = 2147483647;
			files = (
				78B82A6029A4C1FE0083302E /* ViewController.swift in Sources */,
				78B82A5C29A4C1FE0083302E /* AppDelegate.swift in Sources */,
				78B82A5E29A4C1FE0083302E /* SceneDelegate.swift in Sources */,
			);
			runOnlyForDeploymentPostprocessing = 0;
		};
		78B82A6A29A4C1FE0083302E /* Sources */ = {
			isa = PBXSourcesBuildPhase;
			buildActionMask = 2147483647;
			files = (
				78B82A7329A4C1FE0083302E /* BenCombineExampleTests.swift in Sources */,
			);
			runOnlyForDeploymentPostprocessing = 0;
		};
		78B82A7429A4C1FE0083302E /* Sources */ = {
			isa = PBXSourcesBuildPhase;
			buildActionMask = 2147483647;
			files = (
				78B82A7D29A4C1FE0083302E /* BenCombineExampleUITests.swift in Sources */,
				78B82A7F29A4C1FE0083302E /* BenCombineExampleUITestsLaunchTests.swift in Sources */,
			);
			runOnlyForDeploymentPostprocessing = 0;
		};
/* End PBXSourcesBuildPhase section */

/* Begin PBXTargetDependency section */
		78B82A7029A4C1FE0083302E /* PBXTargetDependency */ = {
			isa = PBXTargetDependency;
			target = 78B82A5729A4C1FE0083302E /* BenCombineExample */;
			targetProxy = 78B82A6F29A4C1FE0083302E /* PBXContainerItemProxy */;
		};
		78B82A7A29A4C1FE0083302E /* PBXTargetDependency */ = {
			isa = PBXTargetDependency;
			target = 78B82A5729A4C1FE0083302E /* BenCombineExample */;
			targetProxy = 78B82A7929A4C1FE0083302E /* PBXContainerItemProxy */;
		};
/* End PBXTargetDependency section */

/* Begin PBXVariantGroup section */
		78B82A6129A4C1FE0083302E /* Main.storyboard */ = {
			isa = PBXVariantGroup;
			children = (
				78B82A6229A4C1FE0083302E /* Base */,
			);
			name = Main.storyboard;
			sourceTree = "<group>";
		};
		78B82A6629A4C1FE0083302E /* LaunchScreen.storyboard */ = {
			isa = PBXVariantGroup;
			children = (
				78B82A6729A4C1FE0083302E /* Base */,
			);
			name = LaunchScreen.storyboard;
			sourceTree = "<group>";
		};
/* End PBXVariantGroup section */

/* Begin XCBuildConfiguration section */
		78B82A8029A4C1FE0083302E /* Debug */ = {
			isa = XCBuildConfiguration;
			buildSettings = {
				ALWAYS_SEARCH_USER_PATHS = NO;
				CLANG_ANALYZER_NONNULL = YES;
				CLANG_ANALYZER_NUMBER_OBJECT_CONVERSION = YES_AGGRESSIVE;
				CLANG_CXX_LANGUAGE_STANDARD = "gnu++20";
				CLANG_ENABLE_MODULES = YES;
				CLANG_ENABLE_OBJC_ARC = YES;
				CLANG_ENABLE_OBJC_WEAK = YES;
				CLANG_WARN_BLOCK_CAPTURE_AUTORELEASING = YES;
				CLANG_WARN_BOOL_CONVERSION = YES;
				CLANG_WARN_COMMA = YES;
				CLANG_WARN_CONSTANT_CONVERSION = YES;
				CLANG_WARN_DEPRECATED_OBJC_IMPLEMENTATIONS = YES;
				CLANG_WARN_DIRECT_OBJC_ISA_USAGE = YES_ERROR;
				CLANG_WARN_DOCUMENTATION_COMMENTS = YES;
				CLANG_WARN_EMPTY_BODY = YES;
				CLANG_WARN_ENUM_CONVERSION = YES;
				CLANG_WARN_INFINITE_RECURSION = YES;
				CLANG_WARN_INT_CONVERSION = YES;
				CLANG_WARN_NON_LITERAL_NULL_CONVERSION = YES;
				CLANG_WARN_OBJC_IMPLICIT_RETAIN_SELF = YES;
				CLANG_WARN_OBJC_LITERAL_CONVERSION = YES;
				CLANG_WARN_OBJC_ROOT_CLASS = YES_ERROR;
				CLANG_WARN_QUOTED_INCLUDE_IN_FRAMEWORK_HEADER = YES;
				CLANG_WARN_RANGE_LOOP_ANALYSIS = YES;
				CLANG_WARN_STRICT_PROTOTYPES = YES;
				CLANG_WARN_SUSPICIOUS_MOVE = YES;
				CLANG_WARN_UNGUARDED_AVAILABILITY = YES_AGGRESSIVE;
				CLANG_WARN_UNREACHABLE_CODE = YES;
				CLANG_WARN__DUPLICATE_METHOD_MATCH = YES;
				COPY_PHASE_STRIP = NO;
				DEBUG_INFORMATION_FORMAT = dwarf;
				ENABLE_STRICT_OBJC_MSGSEND = YES;
				ENABLE_TESTABILITY = YES;
				GCC_C_LANGUAGE_STANDARD = gnu11;
				GCC_DYNAMIC_NO_PIC = NO;
				GCC_NO_COMMON_BLOCKS = YES;
				GCC_OPTIMIZATION_LEVEL = 0;
				GCC_PREPROCESSOR_DEFINITIONS = (
					"DEBUG=1",
					"$(inherited)",
				);
				GCC_WARN_64_TO_32_BIT_CONVERSION = YES;
				GCC_WARN_ABOUT_RETURN_TYPE = YES_ERROR;
				GCC_WARN_UNDECLARED_SELECTOR = YES;
				GCC_WARN_UNINITIALIZED_AUTOS = YES_AGGRESSIVE;
				GCC_WARN_UNUSED_FUNCTION = YES;
				GCC_WARN_UNUSED_VARIABLE = YES;
				IPHONEOS_DEPLOYMENT_TARGET = 16.2;
				MTL_ENABLE_DEBUG_INFO = INCLUDE_SOURCE;
				MTL_FAST_MATH = YES;
				ONLY_ACTIVE_ARCH = YES;
				SDKROOT = iphoneos;
				SWIFT_ACTIVE_COMPILATION_CONDITIONS = DEBUG;
				SWIFT_OPTIMIZATION_LEVEL = "-Onone";
			};
			name = Debug;
		};
		78B82A8129A4C1FE0083302E /* Release */ = {
			isa = XCBuildConfiguration;
			buildSettings = {
				ALWAYS_SEARCH_USER_PATHS = NO;
				CLANG_ANALYZER_NONNULL = YES;
				CLANG_ANALYZER_NUMBER_OBJECT_CONVERSION = YES_AGGRESSIVE;
				CLANG_CXX_LANGUAGE_STANDARD = "gnu++20";
				CLANG_ENABLE_MODULES = YES;
				CLANG_ENABLE_OBJC_ARC = YES;
				CLANG_ENABLE_OBJC_WEAK = YES;
				CLANG_WARN_BLOCK_CAPTURE_AUTORELEASING = YES;
				CLANG_WARN_BOOL_CONVERSION = YES;
				CLANG_WARN_COMMA = YES;
				CLANG_WARN_CONSTANT_CONVERSION = YES;
				CLANG_WARN_DEPRECATED_OBJC_IMPLEMENTATIONS = YES;
				CLANG_WARN_DIRECT_OBJC_ISA_USAGE = YES_ERROR;
				CLANG_WARN_DOCUMENTATION_COMMENTS = YES;
				CLANG_WARN_EMPTY_BODY = YES;
				CLANG_WARN_ENUM_CONVERSION = YES;
				CLANG_WARN_INFINITE_RECURSION = YES;
				CLANG_WARN_INT_CONVERSION = YES;
				CLANG_WARN_NON_LITERAL_NULL_CONVERSION = YES;
				CLANG_WARN_OBJC_IMPLICIT_RETAIN_SELF = YES;
				CLANG_WARN_OBJC_LITERAL_CONVERSION = YES;
				CLANG_WARN_OBJC_ROOT_CLASS = YES_ERROR;
				CLANG_WARN_QUOTED_INCLUDE_IN_FRAMEWORK_HEADER = YES;
				CLANG_WARN_RANGE_LOOP_ANALYSIS = YES;
				CLANG_WARN_STRICT_PROTOTYPES = YES;
				CLANG_WARN_SUSPICIOUS_MOVE = YES;
				CLANG_WARN_UNGUARDED_AVAILABILITY = YES_AGGRESSIVE;
				CLANG_WARN_UNREACHABLE_CODE = YES;
				CLANG_WARN__DUPLICATE_METHOD_MATCH = YES;
				COPY_PHASE_STRIP = NO;
				DEBUG_INFORMATION_FORMAT = "dwarf-with-dsym";
				ENABLE_NS_ASSERTIONS = NO;
				ENABLE_STRICT_OBJC_MSGSEND = YES;
				GCC_C_LANGUAGE_STANDARD = gnu11;
				GCC_NO_COMMON_BLOCKS = YES;
				GCC_WARN_64_TO_32_BIT_CONVERSION = YES;
				GCC_WARN_ABOUT_RETURN_TYPE = YES_ERROR;
				GCC_WARN_UNDECLARED_SELECTOR = YES;
				GCC_WARN_UNINITIALIZED_AUTOS = YES_AGGRESSIVE;
				GCC_WARN_UNUSED_FUNCTION = YES;
				GCC_WARN_UNUSED_VARIABLE = YES;
				IPHONEOS_DEPLOYMENT_TARGET = 16.2;
				MTL_ENABLE_DEBUG_INFO = NO;
				MTL_FAST_MATH = YES;
				SDKROOT = iphoneos;
				SWIFT_COMPILATION_MODE = wholemodule;
				SWIFT_OPTIMIZATION_LEVEL = "-O";
				VALIDATE_PRODUCT = YES;
			};
			name = Release;
		};
		78B82A8329A4C1FE0083302E /* Debug */ = {
			isa = XCBuildConfiguration;
			buildSettings = {
				ASSETCATALOG_COMPILER_APPICON_NAME = AppIcon;
				ASSETCATALOG_COMPILER_GLOBAL_ACCENT_COLOR_NAME = AccentColor;
				CODE_SIGN_STYLE = Automatic;
				CURRENT_PROJECT_VERSION = 1;
				DEVELOPMENT_TEAM = FF6D7R4CUJ;
				GENERATE_INFOPLIST_FILE = YES;
				INFOPLIST_FILE = BenCombineExample/Info.plist;
				INFOPLIST_KEY_UIApplicationSupportsIndirectInputEvents = YES;
				INFOPLIST_KEY_UILaunchStoryboardName = LaunchScreen;
				INFOPLIST_KEY_UIMainStoryboardFile = Main;
				INFOPLIST_KEY_UISupportedInterfaceOrientations_iPad = "UIInterfaceOrientationPortrait UIInterfaceOrientationPortraitUpsideDown UIInterfaceOrientationLandscapeLeft UIInterfaceOrientationLandscapeRight";
				INFOPLIST_KEY_UISupportedInterfaceOrientations_iPhone = "UIInterfaceOrientationPortrait UIInterfaceOrientationLandscapeLeft UIInterfaceOrientationLandscapeRight";
				LD_RUNPATH_SEARCH_PATHS = (
					"$(inherited)",
					"@executable_path/Frameworks",
				);
				MARKETING_VERSION = 1.0;
				PRODUCT_BUNDLE_IDENTIFIER = popochess.com.BenCombineExample;
				PRODUCT_NAME = "$(TARGET_NAME)";
				SWIFT_EMIT_LOC_STRINGS = YES;
				SWIFT_VERSION = 5.0;
				TARGETED_DEVICE_FAMILY = "1,2";
			};
			name = Debug;
		};
		78B82A8429A4C1FE0083302E /* Release */ = {
			isa = XCBuildConfiguration;
			buildSettings = {
				ASSETCATALOG_COMPILER_APPICON_NAME = AppIcon;
				ASSETCATALOG_COMPILER_GLOBAL_ACCENT_COLOR_NAME = AccentColor;
				CODE_SIGN_STYLE = Automatic;
				CURRENT_PROJECT_VERSION = 1;
				DEVELOPMENT_TEAM = FF6D7R4CUJ;
				GENERATE_INFOPLIST_FILE = YES;
				INFOPLIST_FILE = BenCombineExample/Info.plist;
				INFOPLIST_KEY_UIApplicationSupportsIndirectInputEvents = YES;
				INFOPLIST_KEY_UILaunchStoryboardName = LaunchScreen;
				INFOPLIST_KEY_UIMainStoryboardFile = Main;
				INFOPLIST_KEY_UISupportedInterfaceOrientations_iPad = "UIInterfaceOrientationPortrait UIInterfaceOrientationPortraitUpsideDown UIInterfaceOrientationLandscapeLeft UIInterfaceOrientationLandscapeRight";
				INFOPLIST_KEY_UISupportedInterfaceOrientations_iPhone = "UIInterfaceOrientationPortrait UIInterfaceOrientationLandscapeLeft UIInterfaceOrientationLandscapeRight";
				LD_RUNPATH_SEARCH_PATHS = (
					"$(inherited)",
					"@executable_path/Frameworks",
				);
				MARKETING_VERSION = 1.0;
				PRODUCT_BUNDLE_IDENTIFIER = popochess.com.BenCombineExample;
				PRODUCT_NAME = "$(TARGET_NAME)";
				SWIFT_EMIT_LOC_STRINGS = YES;
				SWIFT_VERSION = 5.0;
				TARGETED_DEVICE_FAMILY = "1,2";
			};
			name = Release;
		};
		78B82A8629A4C1FE0083302E /* Debug */ = {
			isa = XCBuildConfiguration;
			buildSettings = {
				ALWAYS_EMBED_SWIFT_STANDARD_LIBRARIES = YES;
				BUNDLE_LOADER = "$(TEST_HOST)";
				CODE_SIGN_STYLE = Automatic;
				CURRENT_PROJECT_VERSION = 1;
				DEVELOPMENT_TEAM = FF6D7R4CUJ;
				GENERATE_INFOPLIST_FILE = YES;
				IPHONEOS_DEPLOYMENT_TARGET = 16.2;
				MARKETING_VERSION = 1.0;
				PRODUCT_BUNDLE_IDENTIFIER = popochess.com.BenCombineExampleTests;
				PRODUCT_NAME = "$(TARGET_NAME)";
				SWIFT_EMIT_LOC_STRINGS = NO;
				SWIFT_VERSION = 5.0;
				TARGETED_DEVICE_FAMILY = "1,2";
				TEST_HOST = "$(BUILT_PRODUCTS_DIR)/BenCombineExample.app/$(BUNDLE_EXECUTABLE_FOLDER_PATH)/BenCombineExample";
			};
			name = Debug;
		};
		78B82A8729A4C1FE0083302E /* Release */ = {
			isa = XCBuildConfiguration;
			buildSettings = {
				ALWAYS_EMBED_SWIFT_STANDARD_LIBRARIES = YES;
				BUNDLE_LOADER = "$(TEST_HOST)";
				CODE_SIGN_STYLE = Automatic;
				CURRENT_PROJECT_VERSION = 1;
				DEVELOPMENT_TEAM = FF6D7R4CUJ;
				GENERATE_INFOPLIST_FILE = YES;
				IPHONEOS_DEPLOYMENT_TARGET = 16.2;
				MARKETING_VERSION = 1.0;
				PRODUCT_BUNDLE_IDENTIFIER = popochess.com.BenCombineExampleTests;
				PRODUCT_NAME = "$(TARGET_NAME)";
				SWIFT_EMIT_LOC_STRINGS = NO;
				SWIFT_VERSION = 5.0;
				TARGETED_DEVICE_FAMILY = "1,2";
				TEST_HOST = "$(BUILT_PRODUCTS_DIR)/BenCombineExample.app/$(BUNDLE_EXECUTABLE_FOLDER_PATH)/BenCombineExample";
			};
			name = Release;
		};
		78B82A8929A4C1FE0083302E /* Debug */ = {
			isa = XCBuildConfiguration;
			buildSettings = {
				ALWAYS_EMBED_SWIFT_STANDARD_LIBRARIES = YES;
				CODE_SIGN_STYLE = Automatic;
				CURRENT_PROJECT_VERSION = 1;
				DEVELOPMENT_TEAM = FF6D7R4CUJ;
				GENERATE_INFOPLIST_FILE = YES;
				MARKETING_VERSION = 1.0;
				PRODUCT_BUNDLE_IDENTIFIER = popochess.com.BenCombineExampleUITests;
				PRODUCT_NAME = "$(TARGET_NAME)";
				SWIFT_EMIT_LOC_STRINGS = NO;
				SWIFT_VERSION = 5.0;
				TARGETED_DEVICE_FAMILY = "1,2";
				TEST_TARGET_NAME = BenCombineExample;
			};
			name = Debug;
		};
		78B82A8A29A4C1FE0083302E /* Release */ = {
			isa = XCBuildConfiguration;
			buildSettings = {
				ALWAYS_EMBED_SWIFT_STANDARD_LIBRARIES = YES;
				CODE_SIGN_STYLE = Automatic;
				CURRENT_PROJECT_VERSION = 1;
				DEVELOPMENT_TEAM = FF6D7R4CUJ;
				GENERATE_INFOPLIST_FILE = YES;
				MARKETING_VERSION = 1.0;
				PRODUCT_BUNDLE_IDENTIFIER = popochess.com.BenCombineExampleUITests;
				PRODUCT_NAME = "$(TARGET_NAME)";
				SWIFT_EMIT_LOC_STRINGS = NO;
				SWIFT_VERSION = 5.0;
				TARGETED_DEVICE_FAMILY = "1,2";
				TEST_TARGET_NAME = BenCombineExample;
			};
			name = Release;
		};
/* End XCBuildConfiguration section */

/* Begin XCConfigurationList section */
		78B82A5329A4C1FD0083302E /* Build configuration list for PBXProject "BenCombineExample" */ = {
			isa = XCConfigurationList;
			buildConfigurations = (
				78B82A8029A4C1FE0083302E /* Debug */,
				78B82A8129A4C1FE0083302E /* Release */,
			);
			defaultConfigurationIsVisible = 0;
			defaultConfigurationName = Release;
		};
		78B82A8229A4C1FE0083302E /* Build configuration list for PBXNativeTarget "BenCombineExample" */ = {
			isa = XCConfigurationList;
			buildConfigurations = (
				78B82A8329A4C1FE0083302E /* Debug */,
				78B82A8429A4C1FE0083302E /* Release */,
			);
			defaultConfigurationIsVisible = 0;
			defaultConfigurationName = Release;
		};
		78B82A8529A4C1FE0083302E /* Build configuration list for PBXNativeTarget "BenCombineExampleTests" */ = {
			isa = XCConfigurationList;
			buildConfigurations = (
				78B82A8629A4C1FE0083302E /* Debug */,
				78B82A8729A4C1FE0083302E /* Release */,
			);
			defaultConfigurationIsVisible = 0;
			defaultConfigurationName = Release;
		};
		78B82A8829A4C1FE0083302E /* Build configuration list for PBXNativeTarget "BenCombineExampleUITests" */ = {
			isa = XCConfigurationList;
			buildConfigurations = (
				78B82A8929A4C1FE0083302E /* Debug */,
				78B82A8A29A4C1FE0083302E /* Release */,
			);
			defaultConfigurationIsVisible = 0;
			defaultConfigurationName = Release;
		};
/* End XCConfigurationList section */
	};
	rootObject = 78B82A5029A4C1FD0083302E /* Project object */;
}
